
Microsoft Visual Studio Solution File, Format Version 12.00
# Visual Studio Version 17
VisualStudioVersion = 17.4.33103.184
MinimumVisualStudioVersion = 10.0.40219.1
Project("{FAE04EC0-301F-11D3-BF4B-00C04F79EFBC}") = "SendBytesThroughTCP", "SendBytesThroughTCP\SendBytesThroughTCP.csproj", "{1DAF1AD6-31E1-4F12-B614-39DE7FAB19FA}"
EndProject
Global
	GlobalSection(SolutionConfigurationPlatforms) = preSolution
		Debug|Any CPU = Debug|Any CPU
		Release|Any CPU = Release|Any CPU
	EndGlobalSection
	GlobalSection(ProjectConfigurationPlatforms) = postSolution
		{1DAF1AD6-31E1-4F12-B614-39DE7FAB19FA}.Debug|Any CPU.ActiveCfg = Debug|Any CPU
		{1DAF1AD6-31E1-4F12-B614-39DE7FAB19FA}.Debug|Any CPU.Build.0 = Debug|Any CPU
		{1DAF1AD6-31E1-4F12-B614-39DE7FAB19FA}.Release|Any CPU.ActiveCfg = Release|Any CPU
		{1DAF1AD6-31E1-4F12-B614-39DE7FAB19FA}.Release|Any CPU.Build.0 = Release|Any CPU
	EndGlobalSection
	GlobalSection(SolutionProperties) = preSolution
		HideSolutionNode = FALSE
	EndGlobalSection
	GlobalSection(ExtensibilityGlobals) = postSolution
		SolutionGuid = {FE26A25A-D01E-481B-A58A-797EA67DE85A}
	EndGlobalSection
EndGlobal
